
Microsoft Visual Studio Solution File, Format Version 12.00
# Visual Studio 15
VisualStudioVersion = 15.0.27428.2015
MinimumVisualStudioVersion = 10.0.40219.1
Project("{FAE04EC0-301F-11D3-BF4B-00C04F79EFBC}") = "UserInputTest", "UserInputTest\UserInputTest.csproj", "{888F214F-7C1A-41B0-8F80-68D5BAC98FD2}"
EndProject
Global
	GlobalSection(SolutionConfigurationPlatforms) = preSolution
		Debug|Any CPU = Debug|Any CPU
		Release|Any CPU = Release|Any CPU
	EndGlobalSection
	GlobalSection(ProjectConfigurationPlatforms) = postSolution
		{888F214F-7C1A-41B0-8F80-68D5BAC98FD2}.Debug|Any CPU.ActiveCfg = Debug|Any CPU
		{888F214F-7C1A-41B0-8F80-68D5BAC98FD2}.Debug|Any CPU.Build.0 = Debug|Any CPU
		{888F214F-7C1A-41B0-8F80-68D5BAC98FD2}.Release|Any CPU.ActiveCfg = Release|Any CPU
		{888F214F-7C1A-41B0-8F80-68D5BAC98FD2}.Release|Any CPU.Build.0 = Release|Any CPU
	EndGlobalSection
	GlobalSection(SolutionProperties) = preSolution
		HideSolutionNode = FALSE
	EndGlobalSection
	GlobalSection(ExtensibilityGlobals) = postSolution
		SolutionGuid = {FD4F39DF-CDA0-42F0-8E53-574AB505F31A}
	EndGlobalSection
EndGlobal
