
Microsoft Visual Studio Solution File, Format Version 12.00
# Visual Studio 15
VisualStudioVersion = 15.0.27428.2015
MinimumVisualStudioVersion = 10.0.40219.1
Project("{FAE04EC0-301F-11D3-BF4B-00C04F79EFBC}") = "TestPrep", "TestPrep\TestPrep.csproj", "{3363FEC2-C25F-4788-8119-FA61B5A93CBC}"
EndProject
Global
	GlobalSection(SolutionConfigurationPlatforms) = preSolution
		Debug|Any CPU = Debug|Any CPU
		Release|Any CPU = Release|Any CPU
	EndGlobalSection
	GlobalSection(ProjectConfigurationPlatforms) = postSolution
		{3363FEC2-C25F-4788-8119-FA61B5A93CBC}.Debug|Any CPU.ActiveCfg = Debug|Any CPU
		{3363FEC2-C25F-4788-8119-FA61B5A93CBC}.Debug|Any CPU.Build.0 = Debug|Any CPU
		{3363FEC2-C25F-4788-8119-FA61B5A93CBC}.Release|Any CPU.ActiveCfg = Release|Any CPU
		{3363FEC2-C25F-4788-8119-FA61B5A93CBC}.Release|Any CPU.Build.0 = Release|Any CPU
	EndGlobalSection
	GlobalSection(SolutionProperties) = preSolution
		HideSolutionNode = FALSE
	EndGlobalSection
	GlobalSection(ExtensibilityGlobals) = postSolution
		SolutionGuid = {BA38FD30-A71C-48AD-8841-E68F4F66C503}
	EndGlobalSection
EndGlobal
